
Microsoft Visual Studio Solution File, Format Version 12.00
# Visual Studio Version 17
VisualStudioVersion = 17.9.34728.123
MinimumVisualStudioVersion = 10.0.40219.1
Project("{FAE04EC0-301F-11D3-BF4B-00C04F79EFBC}") = "MaHoa", "MaHoa.csproj", "{C04C5C2B-6ED0-44B3-9F98-A9A350B72D78}"
EndProject
Global
	GlobalSection(SolutionConfigurationPlatforms) = preSolution
		Debug|Any CPU = Debug|Any CPU
		Release|Any CPU = Release|Any CPU
	EndGlobalSection
	GlobalSection(ProjectConfigurationPlatforms) = postSolution
		{C04C5C2B-6ED0-44B3-9F98-A9A350B72D78}.Debug|Any CPU.ActiveCfg = Debug|Any CPU
		{C04C5C2B-6ED0-44B3-9F98-A9A350B72D78}.Debug|Any CPU.Build.0 = Debug|Any CPU
		{C04C5C2B-6ED0-44B3-9F98-A9A350B72D78}.Release|Any CPU.ActiveCfg = Release|Any CPU
		{C04C5C2B-6ED0-44B3-9F98-A9A350B72D78}.Release|Any CPU.Build.0 = Release|Any CPU
	EndGlobalSection
	GlobalSection(SolutionProperties) = preSolution
		HideSolutionNode = FALSE
	EndGlobalSection
	GlobalSection(ExtensibilityGlobals) = postSolution
		SolutionGuid = {BCF2CB54-4553-4188-972D-6B4FB7862147}
	EndGlobalSection
EndGlobal
