
Microsoft Visual Studio Solution File, Format Version 12.00
# Visual Studio Version 17
VisualStudioVersion = 17.9.34728.123
MinimumVisualStudioVersion = 10.0.40219.1
Project("{FAE04EC0-301F-11D3-BF4B-00C04F79EFBC}") = "BaiTap1", "BaiTap1.csproj", "{35A5579C-68D6-4909-839D-9BDF911EA215}"
EndProject
Global
	GlobalSection(SolutionConfigurationPlatforms) = preSolution
		Debug|Any CPU = Debug|Any CPU
		Release|Any CPU = Release|Any CPU
	EndGlobalSection
	GlobalSection(ProjectConfigurationPlatforms) = postSolution
		{35A5579C-68D6-4909-839D-9BDF911EA215}.Debug|Any CPU.ActiveCfg = Debug|Any CPU
		{35A5579C-68D6-4909-839D-9BDF911EA215}.Debug|Any CPU.Build.0 = Debug|Any CPU
		{35A5579C-68D6-4909-839D-9BDF911EA215}.Release|Any CPU.ActiveCfg = Release|Any CPU
		{35A5579C-68D6-4909-839D-9BDF911EA215}.Release|Any CPU.Build.0 = Release|Any CPU
	EndGlobalSection
	GlobalSection(SolutionProperties) = preSolution
		HideSolutionNode = FALSE
	EndGlobalSection
	GlobalSection(ExtensibilityGlobals) = postSolution
		SolutionGuid = {996CB8DB-F5AE-462D-B948-E7440D0113EE}
	EndGlobalSection
EndGlobal
